// !$*UTF8*$!
{
	archiveVersion = 1;
	classes = {
	};
	objectVersion = 48;
	objects = {

/* Begin PBXBuildFile section */
		08A420F4B176E73DD2605575 /* Pods_ONNetworkBehavior.framework in Frameworks */ = {isa = PBXBuildFile; fileRef = 689E8952DCFAAE0DC4BDEEFA /* Pods_ONNetworkBehavior.framework */; };
		DD6585421FD2581C0021B453 /* ONEmployer.swift in Sources */ = {isa = PBXBuildFile; fileRef = DD6585411FD2581C0021B453 /* ONEmployer.swift */; };
		DDA16F9E1FC294A700AA91BE /* AppDelegate.swift in Sources */ = {isa = PBXBuildFile; fileRef = DDA16F9D1FC294A700AA91BE /* AppDelegate.swift */; };
		DDA16FA01FC294A700AA91BE /* ViewController.swift in Sources */ = {isa = PBXBuildFile; fileRef = DDA16F9F1FC294A700AA91BE /* ViewController.swift */; };
		DDA16FA31FC294A700AA91BE /* Main.storyboard in Resources */ = {isa = PBXBuildFile; fileRef = DDA16FA11FC294A700AA91BE /* Main.storyboard */; };
		DDA16FA51FC294A700AA91BE /* Assets.xcassets in Resources */ = {isa = PBXBuildFile; fileRef = DDA16FA41FC294A700AA91BE /* Assets.xcassets */; };
		DDA16FA81FC294A700AA91BE /* LaunchScreen.storyboard in Resources */ = {isa = PBXBuildFile; fileRef = DDA16FA61FC294A700AA91BE /* LaunchScreen.storyboard */; };
		DDA16FB41FC2962D00AA91BE /* ONAPIClientHelper.swift in Sources */ = {isa = PBXBuildFile; fileRef = DDA16FB01FC2962D00AA91BE /* ONAPIClientHelper.swift */; };
		DDA16FB51FC2962D00AA91BE /* ONAPIClient.swift in Sources */ = {isa = PBXBuildFile; fileRef = DDA16FB11FC2962D00AA91BE /* ONAPIClient.swift */; };
		DDA16FB61FC2962D00AA91BE /* ONRequestRouter.swift in Sources */ = {isa = PBXBuildFile; fileRef = DDA16FB21FC2962D00AA91BE /* ONRequestRouter.swift */; };
		DDA16FB71FC2962D00AA91BE /* ONAPIClient+Request.swift in Sources */ = {isa = PBXBuildFile; fileRef = DDA16FB31FC2962D00AA91BE /* ONAPIClient+Request.swift */; };
		DDA16FBB1FC2C79C00AA91BE /* ONUserIndicator.swift in Sources */ = {isa = PBXBuildFile; fileRef = DDA16FBA1FC2C79C00AA91BE /* ONUserIndicator.swift */; };
/* End PBXBuildFile section */

/* Begin PBXFileReference section */
		1D0ACFB0731B5832AD8A2A17 /* Pods-ONNetworkBehavior.debug.xcconfig */ = {isa = PBXFileReference; includeInIndex = 1; lastKnownFileType = text.xcconfig; name = "Pods-ONNetworkBehavior.debug.xcconfig"; path = "Pods/Target Support Files/Pods-ONNetworkBehavior/Pods-ONNetworkBehavior.debug.xcconfig"; sourceTree = "<group>"; };
		505AD0934CB39ADD47A1B042 /* Pods-ONNetworkBehavior.release.xcconfig */ = {isa = PBXFileReference; includeInIndex = 1; lastKnownFileType = text.xcconfig; name = "Pods-ONNetworkBehavior.release.xcconfig"; path = "Pods/Target Support Files/Pods-ONNetworkBehavior/Pods-ONNetworkBehavior.release.xcconfig"; sourceTree = "<group>"; };
		689E8952DCFAAE0DC4BDEEFA /* Pods_ONNetworkBehavior.framework */ = {isa = PBXFileReference; explicitFileType = wrapper.framework; includeInIndex = 0; path = Pods_ONNetworkBehavior.framework; sourceTree = BUILT_PRODUCTS_DIR; };
		DD6585411FD2581C0021B453 /* ONEmployer.swift */ = {isa = PBXFileReference; lastKnownFileType = sourcecode.swift; path = ONEmployer.swift; sourceTree = "<group>"; };
		DDA16F9A1FC294A700AA91BE /* ONNetworkBehavior.app */ = {isa = PBXFileReference; explicitFileType = wrapper.application; includeInIndex = 0; path = ONNetworkBehavior.app; sourceTree = BUILT_PRODUCTS_DIR; };
		DDA16F9D1FC294A700AA91BE /* AppDelegate.swift */ = {isa = PBXFileReference; lastKnownFileType = sourcecode.swift; path = AppDelegate.swift; sourceTree = "<group>"; };
		DDA16F9F1FC294A700AA91BE /* ViewController.swift */ = {isa = PBXFileReference; lastKnownFileType = sourcecode.swift; path = ViewController.swift; sourceTree = "<group>"; };
		DDA16FA21FC294A700AA91BE /* Base */ = {isa = PBXFileReference; lastKnownFileType = file.storyboard; name = Base; path = Base.lproj/Main.storyboard; sourceTree = "<group>"; };
		DDA16FA41FC294A700AA91BE /* Assets.xcassets */ = {isa = PBXFileReference; lastKnownFileType = folder.assetcatalog; path = Assets.xcassets; sourceTree = "<group>"; };
		DDA16FA71FC294A700AA91BE /* Base */ = {isa = PBXFileReference; lastKnownFileType = file.storyboard; name = Base; path = Base.lproj/LaunchScreen.storyboard; sourceTree = "<group>"; };
		DDA16FA91FC294A700AA91BE /* Info.plist */ = {isa = PBXFileReference; lastKnownFileType = text.plist.xml; path = Info.plist; sourceTree = "<group>"; };
		DDA16FB01FC2962D00AA91BE /* ONAPIClientHelper.swift */ = {isa = PBXFileReference; fileEncoding = 4; lastKnownFileType = sourcecode.swift; path = ONAPIClientHelper.swift; sourceTree = "<group>"; };
		DDA16FB11FC2962D00AA91BE /* ONAPIClient.swift */ = {isa = PBXFileReference; fileEncoding = 4; lastKnownFileType = sourcecode.swift; path = ONAPIClient.swift; sourceTree = "<group>"; };
		DDA16FB21FC2962D00AA91BE /* ONRequestRouter.swift */ = {isa = PBXFileReference; fileEncoding = 4; lastKnownFileType = sourcecode.swift; path = ONRequestRouter.swift; sourceTree = "<group>"; };
		DDA16FB31FC2962D00AA91BE /* ONAPIClient+Request.swift */ = {isa = PBXFileReference; fileEncoding = 4; lastKnownFileType = sourcecode.swift; path = "ONAPIClient+Request.swift"; sourceTree = "<group>"; };
		DDA16FBA1FC2C79C00AA91BE /* ONUserIndicator.swift */ = {isa = PBXFileReference; lastKnownFileType = sourcecode.swift; path = ONUserIndicator.swift; sourceTree = "<group>"; };
/* End PBXFileReference section */

/* Begin PBXFrameworksBuildPhase section */
		DDA16F971FC294A700AA91BE /* Frameworks */ = {
			isa = PBXFrameworksBuildPhase;
			buildActionMask = 2147483647;
			files = (
				08A420F4B176E73DD2605575 /* Pods_ONNetworkBehavior.framework in Frameworks */,
			);
			runOnlyForDeploymentPostprocessing = 0;
		};
/* End PBXFrameworksBuildPhase section */

/* Begin PBXGroup section */
		2D2C23391F291609782CAB12 /* Frameworks */ = {
			isa = PBXGroup;
			children = (
				689E8952DCFAAE0DC4BDEEFA /* Pods_ONNetworkBehavior.framework */,
			);
			name = Frameworks;
			sourceTree = "<group>";
		};
		640C76768E7F2B7AB03FC67C /* Pods */ = {
			isa = PBXGroup;
			children = (
				1D0ACFB0731B5832AD8A2A17 /* Pods-ONNetworkBehavior.debug.xcconfig */,
				505AD0934CB39ADD47A1B042 /* Pods-ONNetworkBehavior.release.xcconfig */,
			);
			name = Pods;
			sourceTree = "<group>";
		};
		DDA16F911FC294A700AA91BE = {
			isa = PBXGroup;
			children = (
				DDA16F9C1FC294A700AA91BE /* ONNetworkBehavior */,
				DDA16F9B1FC294A700AA91BE /* Products */,
				640C76768E7F2B7AB03FC67C /* Pods */,
				2D2C23391F291609782CAB12 /* Frameworks */,
			);
			sourceTree = "<group>";
		};
		DDA16F9B1FC294A700AA91BE /* Products */ = {
			isa = PBXGroup;
			children = (
				DDA16F9A1FC294A700AA91BE /* ONNetworkBehavior.app */,
			);
			name = Products;
			sourceTree = "<group>";
		};
		DDA16F9C1FC294A700AA91BE /* ONNetworkBehavior */ = {
			isa = PBXGroup;
			children = (
				DDA16FAF1FC2962D00AA91BE /* APIClient */,
				DDA16F9D1FC294A700AA91BE /* AppDelegate.swift */,
				DD6585411FD2581C0021B453 /* ONEmployer.swift */,
				DDA16F9F1FC294A700AA91BE /* ViewController.swift */,
				DDA16FBA1FC2C79C00AA91BE /* ONUserIndicator.swift */,
				DDA16FA11FC294A700AA91BE /* Main.storyboard */,
				DDA16FA41FC294A700AA91BE /* Assets.xcassets */,
				DDA16FA61FC294A700AA91BE /* LaunchScreen.storyboard */,
				DDA16FA91FC294A700AA91BE /* Info.plist */,
			);
			path = ONNetworkBehavior;
			sourceTree = "<group>";
		};
		DDA16FAF1FC2962D00AA91BE /* APIClient */ = {
			isa = PBXGroup;
			children = (
				DDA16FB01FC2962D00AA91BE /* ONAPIClientHelper.swift */,
				DDA16FB11FC2962D00AA91BE /* ONAPIClient.swift */,
				DDA16FB21FC2962D00AA91BE /* ONRequestRouter.swift */,
				DDA16FB31FC2962D00AA91BE /* ONAPIClient+Request.swift */,
			);
			path = APIClient;
			sourceTree = "<group>";
		};
/* End PBXGroup section */

/* Begin PBXNativeTarget section */
		DDA16F991FC294A700AA91BE /* ONNetworkBehavior */ = {
			isa = PBXNativeTarget;
			buildConfigurationList = DDA16FAC1FC294A700AA91BE /* Build configuration list for PBXNativeTarget "ONNetworkBehavior" */;
			buildPhases = (
				F836B72F31FE5596C7B69E60 /* [CP] Check Pods Manifest.lock */,
				DDA16F961FC294A700AA91BE /* Sources */,
				DDA16F971FC294A700AA91BE /* Frameworks */,
				DDA16F981FC294A700AA91BE /* Resources */,
				9D32E1E0EA1C7132154C834F /* [CP] Embed Pods Frameworks */,
				C8E41DBF0FA8F7AC5AC80BC8 /* [CP] Copy Pods Resources */,
			);
			buildRules = (
			);
			dependencies = (
			);
			name = ONNetworkBehavior;
			productName = ONNetworkBehavior;
			productReference = DDA16F9A1FC294A700AA91BE /* ONNetworkBehavior.app */;
			productType = "com.apple.product-type.application";
		};
/* End PBXNativeTarget section */

/* Begin PBXProject section */
		DDA16F921FC294A700AA91BE /* Project object */ = {
			isa = PBXProject;
			attributes = {
				LastSwiftUpdateCheck = 0910;
				LastUpgradeCheck = 0910;
				ORGANIZATIONNAME = viethq;
				TargetAttributes = {
					DDA16F991FC294A700AA91BE = {
						CreatedOnToolsVersion = 9.1;
						ProvisioningStyle = Automatic;
					};
				};
			};
			buildConfigurationList = DDA16F951FC294A700AA91BE /* Build configuration list for PBXProject "ONNetworkBehavior" */;
			compatibilityVersion = "Xcode 8.0";
			developmentRegion = en;
			hasScannedForEncodings = 0;
			knownRegions = (
				en,
				Base,
			);
			mainGroup = DDA16F911FC294A700AA91BE;
			productRefGroup = DDA16F9B1FC294A700AA91BE /* Products */;
			projectDirPath = "";
			projectRoot = "";
			targets = (
				DDA16F991FC294A700AA91BE /* ONNetworkBehavior */,
			);
		};
/* End PBXProject section */

/* Begin PBXResourcesBuildPhase section */
		DDA16F981FC294A700AA91BE /* Resources */ = {
			isa = PBXResourcesBuildPhase;
			buildActionMask = 2147483647;
			files = (
				DDA16FA81FC294A700AA91BE /* LaunchScreen.storyboard in Resources */,
				DDA16FA51FC294A700AA91BE /* Assets.xcassets in Resources */,
				DDA16FA31FC294A700AA91BE /* Main.storyboard in Resources */,
			);
			runOnlyForDeploymentPostprocessing = 0;
		};
/* End PBXResourcesBuildPhase section */

/* Begin PBXShellScriptBuildPhase section */
		9D32E1E0EA1C7132154C834F /* [CP] Embed Pods Frameworks */ = {
			isa = PBXShellScriptBuildPhase;
			buildActionMask = 2147483647;
			files = (
			);
			inputPaths = (
				"${SRCROOT}/Pods/Target Support Files/Pods-ONNetworkBehavior/Pods-ONNetworkBehavior-frameworks.sh",
				"${BUILT_PRODUCTS_DIR}/Alamofire/Alamofire.framework",
				"${BUILT_PRODUCTS_DIR}/NVActivityIndicatorView/NVActivityIndicatorView.framework",
				"${BUILT_PRODUCTS_DIR}/SwiftyJSON/SwiftyJSON.framework",
			);
			name = "[CP] Embed Pods Frameworks";
			outputPaths = (
				"${TARGET_BUILD_DIR}/${FRAMEWORKS_FOLDER_PATH}/Alamofire.framework",
				"${TARGET_BUILD_DIR}/${FRAMEWORKS_FOLDER_PATH}/NVActivityIndicatorView.framework",
				"${TARGET_BUILD_DIR}/${FRAMEWORKS_FOLDER_PATH}/SwiftyJSON.framework",
			);
			runOnlyForDeploymentPostprocessing = 0;
			shellPath = /bin/sh;
			shellScript = "\"${SRCROOT}/Pods/Target Support Files/Pods-ONNetworkBehavior/Pods-ONNetworkBehavior-frameworks.sh\"\n";
			showEnvVarsInLog = 0;
		};
		C8E41DBF0FA8F7AC5AC80BC8 /* [CP] Copy Pods Resources */ = {
			isa = PBXShellScriptBuildPhase;
			buildActionMask = 2147483647;
			files = (
			);
			inputPaths = (
			);
			name = "[CP] Copy Pods Resources";
			outputPaths = (
			);
			runOnlyForDeploymentPostprocessing = 0;
			shellPath = /bin/sh;
			shellScript = "\"${SRCROOT}/Pods/Target Support Files/Pods-ONNetworkBehavior/Pods-ONNetworkBehavior-resources.sh\"\n";
			showEnvVarsInLog = 0;
		};
		F836B72F31FE5596C7B69E60 /* [CP] Check Pods Manifest.lock */ = {
			isa = PBXShellScriptBuildPhase;
			buildActionMask = 2147483647;
			files = (
			);
			inputPaths = (
				"${PODS_PODFILE_DIR_PATH}/Podfile.lock",
				"${PODS_ROOT}/Manifest.lock",
			);
			name = "[CP] Check Pods Manifest.lock";
			outputPaths = (
				"$(DERIVED_FILE_DIR)/Pods-ONNetworkBehavior-checkManifestLockResult.txt",
			);
			runOnlyForDeploymentPostprocessing = 0;
			shellPath = /bin/sh;
			shellScript = "diff \"${PODS_PODFILE_DIR_PATH}/Podfile.lock\" \"${PODS_ROOT}/Manifest.lock\" > /dev/null\nif [ $? != 0 ] ; then\n    # print error to STDERR\n    echo \"error: The sandbox is not in sync with the Podfile.lock. Run 'pod install' or update your CocoaPods installation.\" >&2\n    exit 1\nfi\n# This output is used by Xcode 'outputs' to avoid re-running this script phase.\necho \"SUCCESS\" > \"${SCRIPT_OUTPUT_FILE_0}\"\n";
			showEnvVarsInLog = 0;
		};
/* End PBXShellScriptBuildPhase section */

/* Begin PBXSourcesBuildPhase section */
		DDA16F961FC294A700AA91BE /* Sources */ = {
			isa = PBXSourcesBuildPhase;
			buildActionMask = 2147483647;
			files = (
				DDA16FB41FC2962D00AA91BE /* ONAPIClientHelper.swift in Sources */,
				DDA16FA01FC294A700AA91BE /* ViewController.swift in Sources */,
				DDA16FB71FC2962D00AA91BE /* ONAPIClient+Request.swift in Sources */,
				DDA16FBB1FC2C79C00AA91BE /* ONUserIndicator.swift in Sources */,
				DDA16FB61FC2962D00AA91BE /* ONRequestRouter.swift in Sources */,
				DD6585421FD2581C0021B453 /* ONEmployer.swift in Sources */,
				DDA16FB51FC2962D00AA91BE /* ONAPIClient.swift in Sources */,
				DDA16F9E1FC294A700AA91BE /* AppDelegate.swift in Sources */,
			);
			runOnlyForDeploymentPostprocessing = 0;
		};
/* End PBXSourcesBuildPhase section */

/* Begin PBXVariantGroup section */
		DDA16FA11FC294A700AA91BE /* Main.storyboard */ = {
			isa = PBXVariantGroup;
			children = (
				DDA16FA21FC294A700AA91BE /* Base */,
			);
			name = Main.storyboard;
			sourceTree = "<group>";
		};
		DDA16FA61FC294A700AA91BE /* LaunchScreen.storyboard */ = {
			isa = PBXVariantGroup;
			children = (
				DDA16FA71FC294A700AA91BE /* Base */,
			);
			name = LaunchScreen.storyboard;
			sourceTree = "<group>";
		};
/* End PBXVariantGroup section */

/* Begin XCBuildConfiguration section */
		DDA16FAA1FC294A700AA91BE /* Debug */ = {
			isa = XCBuildConfiguration;
			buildSettings = {
				ALWAYS_SEARCH_USER_PATHS = NO;
				CLANG_ANALYZER_NONNULL = YES;
				CLANG_ANALYZER_NUMBER_OBJECT_CONVERSION = YES_AGGRESSIVE;
				CLANG_CXX_LANGUAGE_STANDARD = "gnu++14";
				CLANG_CXX_LIBRARY = "libc++";
				CLANG_ENABLE_MODULES = YES;
				CLANG_ENABLE_OBJC_ARC = YES;
				CLANG_WARN_BLOCK_CAPTURE_AUTORELEASING = YES;
				CLANG_WARN_BOOL_CONVERSION = YES;
				CLANG_WARN_COMMA = YES;
				CLANG_WARN_CONSTANT_CONVERSION = YES;
				CLANG_WARN_DIRECT_OBJC_ISA_USAGE = YES_ERROR;
				CLANG_WARN_DOCUMENTATION_COMMENTS = YES;
				CLANG_WARN_EMPTY_BODY = YES;
				CLANG_WARN_ENUM_CONVERSION = YES;
				CLANG_WARN_INFINITE_RECURSION = YES;
				CLANG_WARN_INT_CONVERSION = YES;
				CLANG_WARN_NON_LITERAL_NULL_CONVERSION = YES;
				CLANG_WARN_OBJC_LITERAL_CONVERSION = YES;
				CLANG_WARN_OBJC_ROOT_CLASS = YES_ERROR;
				CLANG_WARN_RANGE_LOOP_ANALYSIS = YES;
				CLANG_WARN_STRICT_PROTOTYPES = YES;
				CLANG_WARN_SUSPICIOUS_MOVE = YES;
				CLANG_WARN_UNGUARDED_AVAILABILITY = YES_AGGRESSIVE;
				CLANG_WARN_UNREACHABLE_CODE = YES;
				CLANG_WARN__DUPLICATE_METHOD_MATCH = YES;
				CODE_SIGN_IDENTITY = "iPhone Developer";
				COPY_PHASE_STRIP = NO;
				DEBUG_INFORMATION_FORMAT = dwarf;
				ENABLE_STRICT_OBJC_MSGSEND = YES;
				ENABLE_TESTABILITY = YES;
				GCC_C_LANGUAGE_STANDARD = gnu11;
				GCC_DYNAMIC_NO_PIC = NO;
				GCC_NO_COMMON_BLOCKS = YES;
				GCC_OPTIMIZATION_LEVEL = 0;
				GCC_PREPROCESSOR_DEFINITIONS = (
					"DEBUG=1",
					"$(inherited)",
				);
				GCC_WARN_64_TO_32_BIT_CONVERSION = YES;
				GCC_WARN_ABOUT_RETURN_TYPE = YES_ERROR;
				GCC_WARN_UNDECLARED_SELECTOR = YES;
				GCC_WARN_UNINITIALIZED_AUTOS = YES_AGGRESSIVE;
				GCC_WARN_UNUSED_FUNCTION = YES;
				GCC_WARN_UNUSED_VARIABLE = YES;
				IPHONEOS_DEPLOYMENT_TARGET = 11.1;
				MTL_ENABLE_DEBUG_INFO = YES;
				ONLY_ACTIVE_ARCH = YES;
				SDKROOT = iphoneos;
				SWIFT_ACTIVE_COMPILATION_CONDITIONS = DEBUG;
				SWIFT_OPTIMIZATION_LEVEL = "-Onone";
			};
			name = Debug;
		};
		DDA16FAB1FC294A700AA91BE /* Release */ = {
			isa = XCBuildConfiguration;
			buildSettings = {
				ALWAYS_SEARCH_USER_PATHS = NO;
				CLANG_ANALYZER_NONNULL = YES;
				CLANG_ANALYZER_NUMBER_OBJECT_CONVERSION = YES_AGGRESSIVE;
				CLANG_CXX_LANGUAGE_STANDARD = "gnu++14";
				CLANG_CXX_LIBRARY = "libc++";
				CLANG_ENABLE_MODULES = YES;
				CLANG_ENABLE_OBJC_ARC = YES;
				CLANG_WARN_BLOCK_CAPTURE_AUTORELEASING = YES;
				CLANG_WARN_BOOL_CONVERSION = YES;
				CLANG_WARN_COMMA = YES;
				CLANG_WARN_CONSTANT_CONVERSION = YES;
				CLANG_WARN_DIRECT_OBJC_ISA_USAGE = YES_ERROR;
				CLANG_WARN_DOCUMENTATION_COMMENTS = YES;
				CLANG_WARN_EMPTY_BODY = YES;
				CLANG_WARN_ENUM_CONVERSION = YES;
				CLANG_WARN_INFINITE_RECURSION = YES;
				CLANG_WARN_INT_CONVERSION = YES;
				CLANG_WARN_NON_LITERAL_NULL_CONVERSION = YES;
				CLANG_WARN_OBJC_LITERAL_CONVERSION = YES;
				CLANG_WARN_OBJC_ROOT_CLASS = YES_ERROR;
				CLANG_WARN_RANGE_LOOP_ANALYSIS = YES;
				CLANG_WARN_STRICT_PROTOTYPES = YES;
				CLANG_WARN_SUSPICIOUS_MOVE = YES;
				CLANG_WARN_UNGUARDED_AVAILABILITY = YES_AGGRESSIVE;
				CLANG_WARN_UNREACHABLE_CODE = YES;
				CLANG_WARN__DUPLICATE_METHOD_MATCH = YES;
				CODE_SIGN_IDENTITY = "iPhone Developer";
				COPY_PHASE_STRIP = NO;
				DEBUG_INFORMATION_FORMAT = "dwarf-with-dsym";
				ENABLE_NS_ASSERTIONS = NO;
				ENABLE_STRICT_OBJC_MSGSEND = YES;
				GCC_C_LANGUAGE_STANDARD = gnu11;
				GCC_NO_COMMON_BLOCKS = YES;
				GCC_WARN_64_TO_32_BIT_CONVERSION = YES;
				GCC_WARN_ABOUT_RETURN_TYPE = YES_ERROR;
				GCC_WARN_UNDECLARED_SELECTOR = YES;
				GCC_WARN_UNINITIALIZED_AUTOS = YES_AGGRESSIVE;
				GCC_WARN_UNUSED_FUNCTION = YES;
				GCC_WARN_UNUSED_VARIABLE = YES;
				IPHONEOS_DEPLOYMENT_TARGET = 11.1;
				MTL_ENABLE_DEBUG_INFO = NO;
				SDKROOT = iphoneos;
				SWIFT_OPTIMIZATION_LEVEL = "-Owholemodule";
				VALIDATE_PRODUCT = YES;
			};
			name = Release;
		};
		DDA16FAD1FC294A700AA91BE /* Debug */ = {
			isa = XCBuildConfiguration;
			baseConfigurationReference = 1D0ACFB0731B5832AD8A2A17 /* Pods-ONNetworkBehavior.debug.xcconfig */;
			buildSettings = {
				ASSETCATALOG_COMPILER_APPICON_NAME = AppIcon;
				CODE_SIGN_STYLE = Automatic;
				INFOPLIST_FILE = ONNetworkBehavior/Info.plist;
				LD_RUNPATH_SEARCH_PATHS = "$(inherited) @executable_path/Frameworks";
				PRODUCT_BUNDLE_IDENTIFIER = vn.gg4acrossover.ONNetworkBehavior;
				PRODUCT_NAME = "$(TARGET_NAME)";
				SWIFT_VERSION = 4.0;
				TARGETED_DEVICE_FAMILY = "1,2";
			};
			name = Debug;
		};
		DDA16FAE1FC294A700AA91BE /* Release */ = {
			isa = XCBuildConfiguration;
			baseConfigurationReference = 505AD0934CB39ADD47A1B042 /* Pods-ONNetworkBehavior.release.xcconfig */;
			buildSettings = {
				ASSETCATALOG_COMPILER_APPICON_NAME = AppIcon;
				CODE_SIGN_STYLE = Automatic;
				INFOPLIST_FILE = ONNetworkBehavior/Info.plist;
				LD_RUNPATH_SEARCH_PATHS = "$(inherited) @executable_path/Frameworks";
				PRODUCT_BUNDLE_IDENTIFIER = vn.gg4acrossover.ONNetworkBehavior;
				PRODUCT_NAME = "$(TARGET_NAME)";
				SWIFT_VERSION = 4.0;
				TARGETED_DEVICE_FAMILY = "1,2";
			};
			name = Release;
		};
/* End XCBuildConfiguration section */

/* Begin XCConfigurationList section */
		DDA16F951FC294A700AA91BE /* Build configuration list for PBXProject "ONNetworkBehavior" */ = {
			isa = XCConfigurationList;
			buildConfigurations = (
				DDA16FAA1FC294A700AA91BE /* Debug */,
				DDA16FAB1FC294A700AA91BE /* Release */,
			);
			defaultConfigurationIsVisible = 0;
			defaultConfigurationName = Release;
		};
		DDA16FAC1FC294A700AA91BE /* Build configuration list for PBXNativeTarget "ONNetworkBehavior" */ = {
			isa = XCConfigurationList;
			buildConfigurations = (
				DDA16FAD1FC294A700AA91BE /* Debug */,
				DDA16FAE1FC294A700AA91BE /* Release */,
			);
			defaultConfigurationIsVisible = 0;
			defaultConfigurationName = Release;
		};
/* End XCConfigurationList section */
	};
	rootObject = DDA16F921FC294A700AA91BE /* Project object */;
}
